
Microsoft Visual Studio Solution File, Format Version 12.00
# Visual Studio Version 17
VisualStudioVersion = 17.0.31903.59
MinimumVisualStudioVersion = 10.0.40219.1
Project("{2150E333-8FDC-42A3-9474-1A3956D46DE8}") = "src", "src", "{827E0CD3-B72D-47B6-A68D-7590B98EB39B}"
EndProject
Project("{FAE04EC0-301F-11D3-BF4B-00C04F79EFBC}") = "Logistics.EDI.Domain", "src\Logistics.EDI.Domain\Logistics.EDI.Domain.csproj", "{1250201A-38D8-4014-872C-78F8F5AA6642}"
EndProject
Project("{FAE04EC0-301F-11D3-BF4B-00C04F79EFBC}") = "Logistics.EDI.Application", "src\Logistics.EDI.Application\Logistics.EDI.Application.csproj", "{C2BA542C-6191-4B63-A741-D0014BFEA7A9}"
EndProject
Project("{FAE04EC0-301F-11D3-BF4B-00C04F79EFBC}") = "Logistics.EDI.Infrastructure", "src\Logistics.EDI.Infrastructure\Logistics.EDI.Infrastructure.csproj", "{900BF21C-9BA4-4FAE-B194-9FC00E60D318}"
EndProject
Project("{FAE04EC0-301F-11D3-BF4B-00C04F79EFBC}") = "Logistics.EDI.API", "src\Logistics.EDI.API\Logistics.EDI.API.csproj", "{3202AD08-E839-4CF8-B01F-7A5BDB482800}"
EndProject
Project("{2150E333-8FDC-42A3-9474-1A3956D46DE8}") = "tests", "tests", "{0AB3BF05-4346-4AA6-1389-037BE0695223}"
EndProject
Project("{FAE04EC0-301F-11D3-BF4B-00C04F79EFBC}") = "Logistics.EDI.Application.Tests", "tests\Logistics.EDI.Application.Tests\Logistics.EDI.Application.Tests.csproj", "{F6C3D986-3FDD-4272-873F-D837E7EA320B}"
EndProject
Project("{FAE04EC0-301F-11D3-BF4B-00C04F79EFBC}") = "Logistics.EDI.API.IntegrationTests", "tests\Logistics.EDI.API.IntegrationTests\Logistics.EDI.API.IntegrationTests.csproj", "{A0AAD7E9-E3FB-48A4-BB65-733F80EF13CD}"
EndProject
Global
	GlobalSection(SolutionConfigurationPlatforms) = preSolution
		Debug|Any CPU = Debug|Any CPU
		Debug|x64 = Debug|x64
		Debug|x86 = Debug|x86
		Release|Any CPU = Release|Any CPU
		Release|x64 = Release|x64
		Release|x86 = Release|x86
	EndGlobalSection
	GlobalSection(ProjectConfigurationPlatforms) = postSolution
		{1250201A-38D8-4014-872C-78F8F5AA6642}.Debug|Any CPU.ActiveCfg = Debug|Any CPU
		{1250201A-38D8-4014-872C-78F8F5AA6642}.Debug|Any CPU.Build.0 = Debug|Any CPU
		{1250201A-38D8-4014-872C-78F8F5AA6642}.Debug|x64.ActiveCfg = Debug|Any CPU
		{1250201A-38D8-4014-872C-78F8F5AA6642}.Debug|x64.Build.0 = Debug|Any CPU
		{1250201A-38D8-4014-872C-78F8F5AA6642}.Debug|x86.ActiveCfg = Debug|Any CPU
		{1250201A-38D8-4014-872C-78F8F5AA6642}.Debug|x86.Build.0 = Debug|Any CPU
		{1250201A-38D8-4014-872C-78F8F5AA6642}.Release|Any CPU.ActiveCfg = Release|Any CPU
		{1250201A-38D8-4014-872C-78F8F5AA6642}.Release|Any CPU.Build.0 = Release|Any CPU
		{1250201A-38D8-4014-872C-78F8F5AA6642}.Release|x64.ActiveCfg = Release|Any CPU
		{1250201A-38D8-4014-872C-78F8F5AA6642}.Release|x64.Build.0 = Release|Any CPU
		{1250201A-38D8-4014-872C-78F8F5AA6642}.Release|x86.ActiveCfg = Release|Any CPU
		{1250201A-38D8-4014-872C-78F8F5AA6642}.Release|x86.Build.0 = Release|Any CPU
		{C2BA542C-6191-4B63-A741-D0014BFEA7A9}.Debug|Any CPU.ActiveCfg = Debug|Any CPU
		{C2BA542C-6191-4B63-A741-D0014BFEA7A9}.Debug|Any CPU.Build.0 = Debug|Any CPU
		{C2BA542C-6191-4B63-A741-D0014BFEA7A9}.Debug|x64.ActiveCfg = Debug|Any CPU
		{C2BA542C-6191-4B63-A741-D0014BFEA7A9}.Debug|x64.Build.0 = Debug|Any CPU
		{C2BA542C-6191-4B63-A741-D0014BFEA7A9}.Debug|x86.ActiveCfg = Debug|Any CPU
		{C2BA542C-6191-4B63-A741-D0014BFEA7A9}.Debug|x86.Build.0 = Debug|Any CPU
		{C2BA542C-6191-4B63-A741-D0014BFEA7A9}.Release|Any CPU.ActiveCfg = Release|Any CPU
		{C2BA542C-6191-4B63-A741-D0014BFEA7A9}.Release|Any CPU.Build.0 = Release|Any CPU
		{C2BA542C-6191-4B63-A741-D0014BFEA7A9}.Release|x64.ActiveCfg = Release|Any CPU
		{C2BA542C-6191-4B63-A741-D0014BFEA7A9}.Release|x64.Build.0 = Release|Any CPU
		{C2BA542C-6191-4B63-A741-D0014BFEA7A9}.Release|x86.ActiveCfg = Release|Any CPU
		{C2BA542C-6191-4B63-A741-D0014BFEA7A9}.Release|x86.Build.0 = Release|Any CPU
		{900BF21C-9BA4-4FAE-B194-9FC00E60D318}.Debug|Any CPU.ActiveCfg = Debug|Any CPU
		{900BF21C-9BA4-4FAE-B194-9FC00E60D318}.Debug|Any CPU.Build.0 = Debug|Any CPU
		{900BF21C-9BA4-4FAE-B194-9FC00E60D318}.Debug|x64.ActiveCfg = Debug|Any CPU
		{900BF21C-9BA4-4FAE-B194-9FC00E60D318}.Debug|x64.Build.0 = Debug|Any CPU
		{900BF21C-9BA4-4FAE-B194-9FC00E60D318}.Debug|x86.ActiveCfg = Debug|Any CPU
		{900BF21C-9BA4-4FAE-B194-9FC00E60D318}.Debug|x86.Build.0 = Debug|Any CPU
		{900BF21C-9BA4-4FAE-B194-9FC00E60D318}.Release|Any CPU.ActiveCfg = Release|Any CPU
		{900BF21C-9BA4-4FAE-B194-9FC00E60D318}.Release|Any CPU.Build.0 = Release|Any CPU
		{900BF21C-9BA4-4FAE-B194-9FC00E60D318}.Release|x64.ActiveCfg = Release|Any CPU
		{900BF21C-9BA4-4FAE-B194-9FC00E60D318}.Release|x64.Build.0 = Release|Any CPU
		{900BF21C-9BA4-4FAE-B194-9FC00E60D318}.Release|x86.ActiveCfg = Release|Any CPU
		{900BF21C-9BA4-4FAE-B194-9FC00E60D318}.Release|x86.Build.0 = Release|Any CPU
		{3202AD08-E839-4CF8-B01F-7A5BDB482800}.Debug|Any CPU.ActiveCfg = Debug|Any CPU
		{3202AD08-E839-4CF8-B01F-7A5BDB482800}.Debug|Any CPU.Build.0 = Debug|Any CPU
		{3202AD08-E839-4CF8-B01F-7A5BDB482800}.Debug|x64.ActiveCfg = Debug|Any CPU
		{3202AD08-E839-4CF8-B01F-7A5BDB482800}.Debug|x64.Build.0 = Debug|Any CPU
		{3202AD08-E839-4CF8-B01F-7A5BDB482800}.Debug|x86.ActiveCfg = Debug|Any CPU
		{3202AD08-E839-4CF8-B01F-7A5BDB482800}.Debug|x86.Build.0 = Debug|Any CPU
		{3202AD08-E839-4CF8-B01F-7A5BDB482800}.Release|Any CPU.ActiveCfg = Release|Any CPU
		{3202AD08-E839-4CF8-B01F-7A5BDB482800}.Release|Any CPU.Build.0 = Release|Any CPU
		{3202AD08-E839-4CF8-B01F-7A5BDB482800}.Release|x64.ActiveCfg = Release|Any CPU
		{3202AD08-E839-4CF8-B01F-7A5BDB482800}.Release|x64.Build.0 = Release|Any CPU
		{3202AD08-E839-4CF8-B01F-7A5BDB482800}.Release|x86.ActiveCfg = Release|Any CPU
		{3202AD08-E839-4CF8-B01F-7A5BDB482800}.Release|x86.Build.0 = Release|Any CPU
		{F6C3D986-3FDD-4272-873F-D837E7EA320B}.Debug|Any CPU.ActiveCfg = Debug|Any CPU
		{F6C3D986-3FDD-4272-873F-D837E7EA320B}.Debug|Any CPU.Build.0 = Debug|Any CPU
		{F6C3D986-3FDD-4272-873F-D837E7EA320B}.Debug|x64.ActiveCfg = Debug|Any CPU
		{F6C3D986-3FDD-4272-873F-D837E7EA320B}.Debug|x64.Build.0 = Debug|Any CPU
		{F6C3D986-3FDD-4272-873F-D837E7EA320B}.Debug|x86.ActiveCfg = Debug|Any CPU
		{F6C3D986-3FDD-4272-873F-D837E7EA320B}.Debug|x86.Build.0 = Debug|Any CPU
		{F6C3D986-3FDD-4272-873F-D837E7EA320B}.Release|Any CPU.ActiveCfg = Release|Any CPU
		{F6C3D986-3FDD-4272-873F-D837E7EA320B}.Release|Any CPU.Build.0 = Release|Any CPU
		{F6C3D986-3FDD-4272-873F-D837E7EA320B}.Release|x64.ActiveCfg = Release|Any CPU
		{F6C3D986-3FDD-4272-873F-D837E7EA320B}.Release|x64.Build.0 = Release|Any CPU
		{F6C3D986-3FDD-4272-873F-D837E7EA320B}.Release|x86.ActiveCfg = Release|Any CPU
		{F6C3D986-3FDD-4272-873F-D837E7EA320B}.Release|x86.Build.0 = Release|Any CPU
		{A0AAD7E9-E3FB-48A4-BB65-733F80EF13CD}.Debug|Any CPU.ActiveCfg = Debug|Any CPU
		{A0AAD7E9-E3FB-48A4-BB65-733F80EF13CD}.Debug|Any CPU.Build.0 = Debug|Any CPU
		{A0AAD7E9-E3FB-48A4-BB65-733F80EF13CD}.Debug|x64.ActiveCfg = Debug|Any CPU
		{A0AAD7E9-E3FB-48A4-BB65-733F80EF13CD}.Debug|x64.Build.0 = Debug|Any CPU
		{A0AAD7E9-E3FB-48A4-BB65-733F80EF13CD}.Debug|x86.ActiveCfg = Debug|Any CPU
		{A0AAD7E9-E3FB-48A4-BB65-733F80EF13CD}.Debug|x86.Build.0 = Debug|Any CPU
		{A0AAD7E9-E3FB-48A4-BB65-733F80EF13CD}.Release|Any CPU.ActiveCfg = Release|Any CPU
		{A0AAD7E9-E3FB-48A4-BB65-733F80EF13CD}.Release|Any CPU.Build.0 = Release|Any CPU
		{A0AAD7E9-E3FB-48A4-BB65-733F80EF13CD}.Release|x64.ActiveCfg = Release|Any CPU
		{A0AAD7E9-E3FB-48A4-BB65-733F80EF13CD}.Release|x64.Build.0 = Release|Any CPU
		{A0AAD7E9-E3FB-48A4-BB65-733F80EF13CD}.Release|x86.ActiveCfg = Release|Any CPU
		{A0AAD7E9-E3FB-48A4-BB65-733F80EF13CD}.Release|x86.Build.0 = Release|Any CPU
	EndGlobalSection
	GlobalSection(SolutionProperties) = preSolution
		HideSolutionNode = FALSE
	EndGlobalSection
	GlobalSection(NestedProjects) = preSolution
		{1250201A-38D8-4014-872C-78F8F5AA6642} = {827E0CD3-B72D-47B6-A68D-7590B98EB39B}
		{C2BA542C-6191-4B63-A741-D0014BFEA7A9} = {827E0CD3-B72D-47B6-A68D-7590B98EB39B}
		{900BF21C-9BA4-4FAE-B194-9FC00E60D318} = {827E0CD3-B72D-47B6-A68D-7590B98EB39B}
		{3202AD08-E839-4CF8-B01F-7A5BDB482800} = {827E0CD3-B72D-47B6-A68D-7590B98EB39B}
		{F6C3D986-3FDD-4272-873F-D837E7EA320B} = {0AB3BF05-4346-4AA6-1389-037BE0695223}
		{A0AAD7E9-E3FB-48A4-BB65-733F80EF13CD} = {0AB3BF05-4346-4AA6-1389-037BE0695223}
	EndGlobalSection
EndGlobal
